
Microsoft Visual Studio Solution File, Format Version 12.00
# Visual Studio Version 16
VisualStudioVersion = 16.0.33027.164
MinimumVisualStudioVersion = 10.0.40219.1
Project("{8BC9CEB8-8B4A-11D0-8D11-00A0C91BC942}") = "AlgoVisualizer", "AlgoVisualizer\AlgoVisualizer.vcxproj", "{C6F593D6-3310-4532-B313-7CF76C42C04F}"
EndProject
Global
	GlobalSection(SolutionConfigurationPlatforms) = preSolution
		Debug|x64 = Debug|x64
		Debug|x86 = Debug|x86
		Release|x64 = Release|x64
		Release|x86 = Release|x86
	EndGlobalSection
	GlobalSection(ProjectConfigurationPlatforms) = postSolution
		{C6F593D6-3310-4532-B313-7CF76C42C04F}.Debug|x64.ActiveCfg = Debug|x64
		{C6F593D6-3310-4532-B313-7CF76C42C04F}.Debug|x64.Build.0 = Debug|x64
		{C6F593D6-3310-4532-B313-7CF76C42C04F}.Debug|x86.ActiveCfg = Debug|Win32
		{C6F593D6-3310-4532-B313-7CF76C42C04F}.Debug|x86.Build.0 = Debug|Win32
		{C6F593D6-3310-4532-B313-7CF76C42C04F}.Release|x64.ActiveCfg = Release|x64
		{C6F593D6-3310-4532-B313-7CF76C42C04F}.Release|x64.Build.0 = Release|x64
		{C6F593D6-3310-4532-B313-7CF76C42C04F}.Release|x86.ActiveCfg = Release|Win32
		{C6F593D6-3310-4532-B313-7CF76C42C04F}.Release|x86.Build.0 = Release|Win32
	EndGlobalSection
	GlobalSection(SolutionProperties) = preSolution
		HideSolutionNode = FALSE
	EndGlobalSection
	GlobalSection(ExtensibilityGlobals) = postSolution
		SolutionGuid = {9FAD8461-00CC-4EE1-A7D8-6C060FEBE5BD}
	EndGlobalSection
EndGlobal
